
Microsoft Visual Studio Solution File, Format Version 12.00
# Visual Studio Version 17
VisualStudioVersion = 17.14.36518.9 d17.14
MinimumVisualStudioVersion = 10.0.40219.1
Project("{8BC9CEB8-8B4A-11D0-8D11-00A0C91BC942}") = "01_BasicEntt", "01_BasicEntt\01_BasicEntt.vcxproj", "{AFAFFE3E-2ED8-4013-8F7E-670FD86508D8}"
EndProject
Global
	GlobalSection(SolutionConfigurationPlatforms) = preSolution
		Debug|x64 = Debug|x64
		Debug|x86 = Debug|x86
		Release|x64 = Release|x64
		Release|x86 = Release|x86
	EndGlobalSection
	GlobalSection(ProjectConfigurationPlatforms) = postSolution
		{AFAFFE3E-2ED8-4013-8F7E-670FD86508D8}.Debug|x64.ActiveCfg = Debug|x64
		{AFAFFE3E-2ED8-4013-8F7E-670FD86508D8}.Debug|x64.Build.0 = Debug|x64
		{AFAFFE3E-2ED8-4013-8F7E-670FD86508D8}.Debug|x86.ActiveCfg = Debug|Win32
		{AFAFFE3E-2ED8-4013-8F7E-670FD86508D8}.Debug|x86.Build.0 = Debug|Win32
		{AFAFFE3E-2ED8-4013-8F7E-670FD86508D8}.Release|x64.ActiveCfg = Release|x64
		{AFAFFE3E-2ED8-4013-8F7E-670FD86508D8}.Release|x64.Build.0 = Release|x64
		{AFAFFE3E-2ED8-4013-8F7E-670FD86508D8}.Release|x86.ActiveCfg = Release|Win32
		{AFAFFE3E-2ED8-4013-8F7E-670FD86508D8}.Release|x86.Build.0 = Release|Win32
	EndGlobalSection
	GlobalSection(SolutionProperties) = preSolution
		HideSolutionNode = FALSE
	EndGlobalSection
	GlobalSection(ExtensibilityGlobals) = postSolution
		SolutionGuid = {70EAC50F-81FF-4379-B0FA-E7CE87F01523}
	EndGlobalSection
EndGlobal
